
Microsoft Visual Studio Solution File, Format Version 12.00
# Visual Studio Version 16
VisualStudioVersion = 16.0.29306.81
MinimumVisualStudioVersion = 10.0.40219.1
Project("{8BC9CEB8-8B4A-11D0-8D11-00A0C91BC942}") = "7.0-RogueLike", "7.0-RogueLike\7.0-RogueLike.vcxproj", "{EFB97982-0712-4D27-A0C4-6B9C382411A5}"
EndProject
Global
	GlobalSection(SolutionConfigurationPlatforms) = preSolution
		Debug|x64 = Debug|x64
		Debug|x86 = Debug|x86
		Release|x64 = Release|x64
		Release|x86 = Release|x86
	EndGlobalSection
	GlobalSection(ProjectConfigurationPlatforms) = postSolution
		{EFB97982-0712-4D27-A0C4-6B9C382411A5}.Debug|x64.ActiveCfg = Debug|x64
		{EFB97982-0712-4D27-A0C4-6B9C382411A5}.Debug|x64.Build.0 = Debug|x64
		{EFB97982-0712-4D27-A0C4-6B9C382411A5}.Debug|x86.ActiveCfg = Debug|Win32
		{EFB97982-0712-4D27-A0C4-6B9C382411A5}.Debug|x86.Build.0 = Debug|Win32
		{EFB97982-0712-4D27-A0C4-6B9C382411A5}.Release|x64.ActiveCfg = Release|x64
		{EFB97982-0712-4D27-A0C4-6B9C382411A5}.Release|x64.Build.0 = Release|x64
		{EFB97982-0712-4D27-A0C4-6B9C382411A5}.Release|x86.ActiveCfg = Release|Win32
		{EFB97982-0712-4D27-A0C4-6B9C382411A5}.Release|x86.Build.0 = Release|Win32
	EndGlobalSection
	GlobalSection(SolutionProperties) = preSolution
		HideSolutionNode = FALSE
	EndGlobalSection
	GlobalSection(ExtensibilityGlobals) = postSolution
		SolutionGuid = {05EAE9F3-D915-4010-B6F1-5DA3D185009E}
	EndGlobalSection
EndGlobal
